PODS:
  - BCryptSwift (1.1)
  - Eureka (4.3.1)

DEPENDENCIES:
  - BCryptSwift
  - Eureka

SPEC REPOS:
  https://github.com/cocoapods/specs.git:
    - BCryptSwift
    - Eureka

SPEC CHECKSUMS:
  BCryptSwift: f69992ea5685f6714260842c2770688043b89ab2
  Eureka: 28ea296f06710f6745266b71f17862048941a32d

PODFILE CHECKSUM: 94c559250184878b562109e887dc9efef0d29d19

COCOAPODS: 1.5.3
