PODS:
  - BCryptSwift (1.1)
  - Eureka (5.2.1)
  - OAuthSwift (1.3.0)
  - PushNotifications (3.0.4)

DEPENDENCIES:
  - BCryptSwift
  - Eureka
  - OAuthSwift (~> 1.3.0)
  - PushNotifications

SPEC REPOS:
  https://github.com/CocoaPods/Specs.git:
    - BCryptSwift
    - Eureka
    - OAuthSwift
    - PushNotifications

SPEC CHECKSUMS:
  BCryptSwift: f69992ea5685f6714260842c2770688043b89ab2
  Eureka: c883105488e05bc65539f583246ecf9657cabbfe
  OAuthSwift: 7ef2f74cb570e1e30e2aeddc58fccc0f3891d057
  PushNotifications: 6e3d148e5e129af9d4a9279b288c934f9a7f9066

PODFILE CHECKSUM: 65ee3b9c29454acd1630d9ce4aaf1314303de1b5

COCOAPODS: 1.9.1
