// !$*UTF8*$!
{
	archiveVersion = 1;
	classes = {
	};
	objectVersion = 46;
	objects = {

/* Begin PBXBuildFile section */
		4448DFD22225E9350068D83B /* Routes.swift in Sources */ = {isa = PBXBuildFile; fileRef = 4448DFD12225E9350068D83B /* Routes.swift */; };
		44B385F8223879FA0054C3DF /* LoginViewController.swift in Sources */ = {isa = PBXBuildFile; fileRef = 44B385F7223879FA0054C3DF /* LoginViewController.swift */; };
		44BEAAB821D7027600C8D646 /* LoginRegisterTest.swift in Sources */ = {isa = PBXBuildFile; fileRef = 44BEAAB721D7027600C8D646 /* LoginRegisterTest.swift */; };
		44BEAABA2216583D00C8D646 /* User.swift in Sources */ = {isa = PBXBuildFile; fileRef = 44BEAAB92216583D00C8D646 /* User.swift */; };
		5E0C12647E40E7CDDD176E9B /* MemoizeTests.swift in Sources */ = {isa = PBXBuildFile; fileRef = 5E0C14B0D4ADF60AA24EE3AE /* MemoizeTests.swift */; };
		5E0C149FEE28FBC77D8D0ED9 /* Main.storyboard in Resources */ = {isa = PBXBuildFile; fileRef = 5E0C198E308C4AC1FDDAD8EF /* Main.storyboard */; };
		5E0C16E377E399F679D30F5A /* MemoizeUITests.swift in Sources */ = {isa = PBXBuildFile; fileRef = 5E0C18A4846E56DA710C7AC5 /* MemoizeUITests.swift */; };
		5E0C1773F857D123BF2FF2F6 /* SignupView.swift in Sources */ = {isa = PBXBuildFile; fileRef = 5E0C184145014BBE98F7E01E /* SignupView.swift */; };
		5E0C18A61B75BD4A9568A302 /* LaunchScreen.storyboard in Resources */ = {isa = PBXBuildFile; fileRef = 5E0C159E9AF946C5BC0448FC /* LaunchScreen.storyboard */; };
		5E0C1B436F0B2A78B7A716E8 /* Assets.xcassets in Resources */ = {isa = PBXBuildFile; fileRef = 5E0C1515B09302FA02A9BCA9 /* Assets.xcassets */; };
		5E0C1B655F2ECA533F96E435 /* .gitignore in Resources */ = {isa = PBXBuildFile; fileRef = 5E0C18D8772353156AC53F89 /* .gitignore */; };
		5E0C1DBADBC92C40D44AAD5A /* AppDelegate.swift in Sources */ = {isa = PBXBuildFile; fileRef = 5E0C1823C7FD2D4424860309 /* AppDelegate.swift */; };
		5E9FB0F4A532DBDF4668D909 /* WelcomeViewController.swift in Sources */ = {isa = PBXBuildFile; fileRef = 5E9FBB0CBD5404C2E08D896E /* WelcomeViewController.swift */; };
		5E9FBB51BCF7D986E40C04CE /* Key.swift in Sources */ = {isa = PBXBuildFile; fileRef = 5E9FBBD6B636216A0EA5FAFE /* Key.swift */; };
		5E9FBB6AD59121207B8EA2ED /* LoginController.swift in Sources */ = {isa = PBXBuildFile; fileRef = 5E9FB876145D6637FB1216E3 /* LoginController.swift */; };
		5E9FBD43501B4D8904B3621D /* Passcode.swift in Sources */ = {isa = PBXBuildFile; fileRef = 5E9FB87735E0BFC1153F79A1 /* Passcode.swift */; };
		5E9FBF2B3E5583A3161CCAB4 /* HomeViewController.swift in Sources */ = {isa = PBXBuildFile; fileRef = 5E9FB41F2B7EF89DC60D9970 /* HomeViewController.swift */; };
		5E9FBFEC32F7FEC92A613B9E /* KeychainService.swift in Sources */ = {isa = PBXBuildFile; fileRef = 5E9FB67DB3F1A00AB773B3B4 /* KeychainService.swift */; };
		74605CD13D903EF12454DC69 /* Pods_Memoize.framework in Frameworks */ = {isa = PBXBuildFile; fileRef = 133E16022F4EACED35258810 /* Pods_Memoize.framework */; };
		9330A6ED2111ABCC003438B8 /* memory.jpg in Resources */ = {isa = PBXBuildFile; fileRef = 9330A6EC2111ABCB003438B8 /* memory.jpg */; };
		D54A0CFCD33E9DAE96ADE660 /* Pods_MemoizeUITests.framework in Frameworks */ = {isa = PBXBuildFile; fileRef = 498DEE125DC5B3E844B2B7AA /* Pods_MemoizeUITests.framework */; };
		F732B0DA73FC4AC3D5F870AD /* Pods_MemoizeTests.framework in Frameworks */ = {isa = PBXBuildFile; fileRef = A279626440ED34D436EDCAC9 /* Pods_MemoizeTests.framework */; };
/* End PBXBuildFile section */

/* Begin PBXContainerItemProxy section */
		5E0C12ED30F71817822A341A /* PBXContainerItemProxy */ = {
			isa = PBXContainerItemProxy;
			containerPortal = 5E0C18A968EB22E58A2AB9D4 /* Project object */;
			proxyType = 1;
			remoteGlobalIDString = 5E0C1E69B9F55B71FB49AF43;
			remoteInfo = Memoize;
		};
		5E0C1C075B0A919571D00427 /* PBXContainerItemProxy */ = {
			isa = PBXContainerItemProxy;
			containerPortal = 5E0C18A968EB22E58A2AB9D4 /* Project object */;
			proxyType = 1;
			remoteGlobalIDString = 5E0C1E69B9F55B71FB49AF43;
			remoteInfo = Memoize;
		};
/* End PBXContainerItemProxy section */

/* Begin PBXFileReference section */
		133E16022F4EACED35258810 /* Pods_Memoize.framework */ = {isa = PBXFileReference; explicitFileType = wrapper.framework; includeInIndex = 0; path = Pods_Memoize.framework; sourceTree = BUILT_PRODUCTS_DIR; };
		4448DFD12225E9350068D83B /* Routes.swift */ = {isa = PBXFileReference; lastKnownFileType = sourcecode.swift; path = Routes.swift; sourceTree = "<group>"; };
		44B385F7223879FA0054C3DF /* LoginViewController.swift */ = {isa = PBXFileReference; lastKnownFileType = sourcecode.swift; path = LoginViewController.swift; sourceTree = "<group>"; };
		44BEAAB721D7027600C8D646 /* LoginRegisterTest.swift */ = {isa = PBXFileReference; lastKnownFileType = sourcecode.swift; path = LoginRegisterTest.swift; sourceTree = "<group>"; };
		44BEAAB92216583D00C8D646 /* User.swift */ = {isa = PBXFileReference; lastKnownFileType = sourcecode.swift; path = User.swift; sourceTree = "<group>"; };
		498DEE125DC5B3E844B2B7AA /* Pods_MemoizeUITests.framework */ = {isa = PBXFileReference; explicitFileType = wrapper.framework; includeInIndex = 0; path = Pods_MemoizeUITests.framework; sourceTree = BUILT_PRODUCTS_DIR; };
		5E0C12CD15FB1E3AF2E808CB /* MemoizeUITests.xctest */ = {isa = PBXFileReference; explicitFileType = wrapper.cfbundle; includeInIndex = 0; path = MemoizeUITests.xctest; sourceTree = BUILT_PRODUCTS_DIR; };
		5E0C14B0D4ADF60AA24EE3AE /* MemoizeTests.swift */ = {isa = PBXFileReference; lastKnownFileType = sourcecode.swift; path = MemoizeTests.swift; sourceTree = "<group>"; };
		5E0C1515B09302FA02A9BCA9 /* Assets.xcassets */ = {isa = PBXFileReference; lastKnownFileType = folder.assetcatalog; path = Assets.xcassets; sourceTree = "<group>"; };
		5E0C1701DDDD235603858FCF /* Base */ = {isa = PBXFileReference; lastKnownFileType = file.storyboard; name = Base; path = Base.lproj/Main.storyboard; sourceTree = "<group>"; };
		5E0C1823C7FD2D4424860309 /* AppDelegate.swift */ = {isa = PBXFileReference; lastKnownFileType = sourcecode.swift; path = AppDelegate.swift; sourceTree = "<group>"; };
		5E0C184145014BBE98F7E01E /* SignupView.swift */ = {isa = PBXFileReference; fileEncoding = 4; lastKnownFileType = sourcecode.swift; path = SignupView.swift; sourceTree = "<group>"; };
		5E0C18A4846E56DA710C7AC5 /* MemoizeUITests.swift */ = {isa = PBXFileReference; lastKnownFileType = sourcecode.swift; path = MemoizeUITests.swift; sourceTree = "<group>"; };
		5E0C18D8772353156AC53F89 /* .gitignore */ = {isa = PBXFileReference; lastKnownFileType = file.gitignore; path = .gitignore; sourceTree = "<group>"; };
		5E0C1A18BA6C299FA799087B /* Info.plist */ = {isa = PBXFileReference; lastKnownFileType = text.plist.info; path = Info.plist; sourceTree = "<group>"; };
		5E0C1A9E524DC2537226C87F /* MemoizeTests.xctest */ = {isa = PBXFileReference; explicitFileType = wrapper.cfbundle; includeInIndex = 0; path = MemoizeTests.xctest; sourceTree = BUILT_PRODUCTS_DIR; };
		5E0C1B118B2DEFC6A3E53122 /* Memoize.app */ = {isa = PBXFileReference; explicitFileType = wrapper.application; includeInIndex = 0; path = Memoize.app; sourceTree = BUILT_PRODUCTS_DIR; };
		5E0C1CA326C84EB8756056AA /* Base */ = {isa = PBXFileReference; lastKnownFileType = file.storyboard; name = Base; path = Base.lproj/LaunchScreen.storyboard; sourceTree = "<group>"; };
		5E0C1F1C7FB17CED9C09E90A /* Info.plist */ = {isa = PBXFileReference; lastKnownFileType = text.plist.info; path = Info.plist; sourceTree = "<group>"; };
		5E0C1FDA7A36F93806823AE3 /* Info.plist */ = {isa = PBXFileReference; lastKnownFileType = text.plist.info; path = Info.plist; sourceTree = "<group>"; };
		5E9FB41F2B7EF89DC60D9970 /* HomeViewController.swift */ = {isa = PBXFileReference; fileEncoding = 4; lastKnownFileType = sourcecode.swift; path = HomeViewController.swift; sourceTree = "<group>"; };
		5E9FB67DB3F1A00AB773B3B4 /* KeychainService.swift */ = {isa = PBXFileReference; fileEncoding = 4; lastKnownFileType = sourcecode.swift; path = KeychainService.swift; sourceTree = "<group>"; };
		5E9FB876145D6637FB1216E3 /* LoginController.swift */ = {isa = PBXFileReference; fileEncoding = 4; lastKnownFileType = sourcecode.swift; path = LoginController.swift; sourceTree = "<group>"; };
		5E9FB87735E0BFC1153F79A1 /* Passcode.swift */ = {isa = PBXFileReference; fileEncoding = 4; lastKnownFileType = sourcecode.swift; path = Passcode.swift; sourceTree = "<group>"; };
		5E9FBB0CBD5404C2E08D896E /* WelcomeViewController.swift */ = {isa = PBXFileReference; fileEncoding = 4; lastKnownFileType = sourcecode.swift; path = WelcomeViewController.swift; sourceTree = "<group>"; };
		5E9FBBD6B636216A0EA5FAFE /* Key.swift */ = {isa = PBXFileReference; fileEncoding = 4; lastKnownFileType = sourcecode.swift; path = Key.swift; sourceTree = "<group>"; };
		6BCABB9745A1388F977C60C5 /* Pods-MemoizeTests.debug.xcconfig */ = {isa = PBXFileReference; includeInIndex = 1; lastKnownFileType = text.xcconfig; name = "Pods-MemoizeTests.debug.xcconfig"; path = "Pods/Target Support Files/Pods-MemoizeTests/Pods-MemoizeTests.debug.xcconfig"; sourceTree = "<group>"; };
		92211F11E351D0D16B03FD40 /* Pods-MemoizeUITests.release.xcconfig */ = {isa = PBXFileReference; includeInIndex = 1; lastKnownFileType = text.xcconfig; name = "Pods-MemoizeUITests.release.xcconfig"; path = "Pods/Target Support Files/Pods-MemoizeUITests/Pods-MemoizeUITests.release.xcconfig"; sourceTree = "<group>"; };
		9330A6EC2111ABCB003438B8 /* memory.jpg */ = {isa = PBXFileReference; lastKnownFileType = image.jpeg; path = memory.jpg; sourceTree = "<group>"; };
		A279626440ED34D436EDCAC9 /* Pods_MemoizeTests.framework */ = {isa = PBXFileReference; explicitFileType = wrapper.framework; includeInIndex = 0; path = Pods_MemoizeTests.framework; sourceTree = BUILT_PRODUCTS_DIR; };
		A6E2160C010CD1489B31B858 /* Pods-MemoizeTests.release.xcconfig */ = {isa = PBXFileReference; includeInIndex = 1; lastKnownFileType = text.xcconfig; name = "Pods-MemoizeTests.release.xcconfig"; path = "Pods/Target Support Files/Pods-MemoizeTests/Pods-MemoizeTests.release.xcconfig"; sourceTree = "<group>"; };
		A930F8CC8F78506FAB28E348 /* Pods-Memoize.debug.xcconfig */ = {isa = PBXFileReference; includeInIndex = 1; lastKnownFileType = text.xcconfig; name = "Pods-Memoize.debug.xcconfig"; path = "Pods/Target Support Files/Pods-Memoize/Pods-Memoize.debug.xcconfig"; sourceTree = "<group>"; };
		EB42FD192A2134F0728F6AF2 /* Pods-MemoizeUITests.debug.xcconfig */ = {isa = PBXFileReference; includeInIndex = 1; lastKnownFileType = text.xcconfig; name = "Pods-MemoizeUITests.debug.xcconfig"; path = "Pods/Target Support Files/Pods-MemoizeUITests/Pods-MemoizeUITests.debug.xcconfig"; sourceTree = "<group>"; };
		F401741FEAC1C4ED46EB5D5C /* Pods-Memoize.release.xcconfig */ = {isa = PBXFileReference; includeInIndex = 1; lastKnownFileType = text.xcconfig; name = "Pods-Memoize.release.xcconfig"; path = "Pods/Target Support Files/Pods-Memoize/Pods-Memoize.release.xcconfig"; sourceTree = "<group>"; };
/* End PBXFileReference section */

/* Begin PBXFrameworksBuildPhase section */
		5E0C11E0D325913AB5EAB9C9 /* Frameworks */ = {
			isa = PBXFrameworksBuildPhase;
			buildActionMask = 2147483647;
			files = (
				74605CD13D903EF12454DC69 /* Pods_Memoize.framework in Frameworks */,
			);
			runOnlyForDeploymentPostprocessing = 0;
		};
		5E0C1862B657112995374407 /* Frameworks */ = {
			isa = PBXFrameworksBuildPhase;
			buildActionMask = 2147483647;
			files = (
				D54A0CFCD33E9DAE96ADE660 /* Pods_MemoizeUITests.framework in Frameworks */,
			);
			runOnlyForDeploymentPostprocessing = 0;
		};
		5E0C1C9E8609BAED30B79A2C /* Frameworks */ = {
			isa = PBXFrameworksBuildPhase;
			buildActionMask = 2147483647;
			files = (
				F732B0DA73FC4AC3D5F870AD /* Pods_MemoizeTests.framework in Frameworks */,
			);
			runOnlyForDeploymentPostprocessing = 0;
		};
/* End PBXFrameworksBuildPhase section */

/* Begin PBXGroup section */
		5E0C1151609D46189F546259 = {
			isa = PBXGroup;
			children = (
				5E0C183C748909C732D1C716 /* Products */,
				5E0C157B5792C10740A419E6 /* Memoize */,
				5E0C1AD0B4C5C81F7E106320 /* MemoizeTests */,
				5E0C15C65A4BADE88F868229 /* MemoizeUITests */,
				ED2403F394D24AFF9877142C /* Pods */,
				D73919806F9B90C8553FFE6D /* Frameworks */,
				5E0C18D8772353156AC53F89 /* .gitignore */,
			);
			sourceTree = "<group>";
		};
		5E0C157B5792C10740A419E6 /* Memoize */ = {
			isa = PBXGroup;
			children = (
				9330A6EC2111ABCB003438B8 /* memory.jpg */,
				5E0C1FDA7A36F93806823AE3 /* Info.plist */,
				5E0C1515B09302FA02A9BCA9 /* Assets.xcassets */,
				5E0C159E9AF946C5BC0448FC /* LaunchScreen.storyboard */,
				5E0C1823C7FD2D4424860309 /* AppDelegate.swift */,
				5E0C198E308C4AC1FDDAD8EF /* Main.storyboard */,
				5E0C184145014BBE98F7E01E /* SignupView.swift */,
				4448DFD12225E9350068D83B /* Routes.swift */,
				44BEAAB92216583D00C8D646 /* User.swift */,
				5E9FB41F2B7EF89DC60D9970 /* HomeViewController.swift */,
				5E9FBB0CBD5404C2E08D896E /* WelcomeViewController.swift */,
				44B385F7223879FA0054C3DF /* LoginViewController.swift */,
				5E9FB67DB3F1A00AB773B3B4 /* KeychainService.swift */,
				5E9FB876145D6637FB1216E3 /* LoginController.swift */,
				5E9FB87735E0BFC1153F79A1 /* Passcode.swift */,
				5E9FBBD6B636216A0EA5FAFE /* Key.swift */,
			);
			path = Memoize;
			sourceTree = "<group>";
		};
		5E0C15C65A4BADE88F868229 /* MemoizeUITests */ = {
			isa = PBXGroup;
			children = (
				5E0C1F1C7FB17CED9C09E90A /* Info.plist */,
				5E0C18A4846E56DA710C7AC5 /* MemoizeUITests.swift */,
			);
			path = MemoizeUITests;
			sourceTree = "<group>";
		};
		5E0C183C748909C732D1C716 /* Products */ = {
			isa = PBXGroup;
			children = (
				5E0C1B118B2DEFC6A3E53122 /* Memoize.app */,
				5E0C1A9E524DC2537226C87F /* MemoizeTests.xctest */,
				5E0C12CD15FB1E3AF2E808CB /* MemoizeUITests.xctest */,
			);
			name = Products;
			sourceTree = "<group>";
		};
		5E0C1AD0B4C5C81F7E106320 /* MemoizeTests */ = {
			isa = PBXGroup;
			children = (
				5E0C1A18BA6C299FA799087B /* Info.plist */,
				5E0C14B0D4ADF60AA24EE3AE /* MemoizeTests.swift */,
				44BEAAB721D7027600C8D646 /* LoginRegisterTest.swift */,
			);
			path = MemoizeTests;
			sourceTree = "<group>";
		};
		D73919806F9B90C8553FFE6D /* Frameworks */ = {
			isa = PBXGroup;
			children = (
				133E16022F4EACED35258810 /* Pods_Memoize.framework */,
				A279626440ED34D436EDCAC9 /* Pods_MemoizeTests.framework */,
				498DEE125DC5B3E844B2B7AA /* Pods_MemoizeUITests.framework */,
			);
			name = Frameworks;
			sourceTree = "<group>";
		};
		ED2403F394D24AFF9877142C /* Pods */ = {
			isa = PBXGroup;
			children = (
				A930F8CC8F78506FAB28E348 /* Pods-Memoize.debug.xcconfig */,
				F401741FEAC1C4ED46EB5D5C /* Pods-Memoize.release.xcconfig */,
				6BCABB9745A1388F977C60C5 /* Pods-MemoizeTests.debug.xcconfig */,
				A6E2160C010CD1489B31B858 /* Pods-MemoizeTests.release.xcconfig */,
				EB42FD192A2134F0728F6AF2 /* Pods-MemoizeUITests.debug.xcconfig */,
				92211F11E351D0D16B03FD40 /* Pods-MemoizeUITests.release.xcconfig */,
			);
			name = Pods;
			sourceTree = "<group>";
		};
/* End PBXGroup section */

/* Begin PBXNativeTarget section */
		5E0C13AA9A9418AA1AA91F56 /* MemoizeTests */ = {
			isa = PBXNativeTarget;
			buildConfigurationList = 5E0C13C8CE5BE321154F5E66 /* Build configuration list for PBXNativeTarget "MemoizeTests" */;
			buildPhases = (
				4C813A84514A4D81D837EF9A /* [CP] Check Pods Manifest.lock */,
				5E0C15A584525183428C9B69 /* Sources */,
				5E0C1C9E8609BAED30B79A2C /* Frameworks */,
				5E0C1652B620FCE535124373 /* Resources */,
			);
			buildRules = (
			);
			dependencies = (
				5E0C1D7DB7D2B88D1F882491 /* PBXTargetDependency */,
			);
			name = MemoizeTests;
			productName = MemoizeTests;
			productReference = 5E0C1A9E524DC2537226C87F /* MemoizeTests.xctest */;
			productType = "com.apple.product-type.bundle.unit-test";
		};
		5E0C1CBEEFE8B698D14CB4EA /* MemoizeUITests */ = {
			isa = PBXNativeTarget;
			buildConfigurationList = 5E0C187CCCF68909B5CD9EEF /* Build configuration list for PBXNativeTarget "MemoizeUITests" */;
			buildPhases = (
				FAF35363516116C5045F2AE6 /* [CP] Check Pods Manifest.lock */,
				5E0C1333F92876E63A259649 /* Sources */,
				5E0C1862B657112995374407 /* Frameworks */,
				5E0C1E4385280AA2F15E56BF /* Resources */,
			);
			buildRules = (
			);
			dependencies = (
				5E0C1FB140E48136B186A2AB /* PBXTargetDependency */,
			);
			name = MemoizeUITests;
			productName = MemoizeUITests;
			productReference = 5E0C12CD15FB1E3AF2E808CB /* MemoizeUITests.xctest */;
			productType = "com.apple.product-type.bundle.ui-testing";
		};
		5E0C1E69B9F55B71FB49AF43 /* Memoize */ = {
			isa = PBXNativeTarget;
			buildConfigurationList = 5E0C12D58A3F242B9EC217AB /* Build configuration list for PBXNativeTarget "Memoize" */;
			buildPhases = (
				0FD25008D976C9FC818A17DF /* [CP] Check Pods Manifest.lock */,
				5E0C17185C3A47AD48FA2E0C /* Sources */,
				5E0C11E0D325913AB5EAB9C9 /* Frameworks */,
				5E0C116B87D8851455711CC6 /* Resources */,
				2E8C1E50E7DE68EB7FC1B26D /* [CP] Embed Pods Frameworks */,
			);
			buildRules = (
			);
			dependencies = (
			);
			name = Memoize;
			productName = Memoize;
			productReference = 5E0C1B118B2DEFC6A3E53122 /* Memoize.app */;
			productType = "com.apple.product-type.application";
		};
/* End PBXNativeTarget section */

/* Begin PBXProject section */
		5E0C18A968EB22E58A2AB9D4 /* Project object */ = {
			isa = PBXProject;
			attributes = {
				LastUpgradeCheck = 0940;
				ORGANIZATIONNAME = grantcallant;
				TargetAttributes = {
					5E0C13AA9A9418AA1AA91F56 = {
						DevelopmentTeam = N3XUA4BNHL;
					};
					5E0C1CBEEFE8B698D14CB4EA = {
						DevelopmentTeam = N3XUA4BNHL;
					};
					5E0C1E69B9F55B71FB49AF43 = {
						DevelopmentTeam = N3XUA4BNHL;
						ProvisioningStyle = Automatic;
					};
				};
			};
			buildConfigurationList = 5E0C1F2B1D652A686FFF8212 /* Build configuration list for PBXProject "Memoize" */;
			compatibilityVersion = "Xcode 3.2";
			developmentRegion = English;
			hasScannedForEncodings = 0;
			knownRegions = (
				en,
			);
			mainGroup = 5E0C1151609D46189F546259;
			productRefGroup = 5E0C183C748909C732D1C716 /* Products */;
			projectDirPath = "";
			projectRoot = "";
			targets = (
				5E0C1E69B9F55B71FB49AF43 /* Memoize */,
				5E0C13AA9A9418AA1AA91F56 /* MemoizeTests */,
				5E0C1CBEEFE8B698D14CB4EA /* MemoizeUITests */,
			);
		};
/* End PBXProject section */

/* Begin PBXResourcesBuildPhase section */
		5E0C116B87D8851455711CC6 /* Resources */ = {
			isa = PBXResourcesBuildPhase;
			buildActionMask = 2147483647;
			files = (
				5E0C1B436F0B2A78B7A716E8 /* Assets.xcassets in Resources */,
				5E0C18A61B75BD4A9568A302 /* LaunchScreen.storyboard in Resources */,
				9330A6ED2111ABCC003438B8 /* memory.jpg in Resources */,
				5E0C149FEE28FBC77D8D0ED9 /* Main.storyboard in Resources */,
				5E0C1B655F2ECA533F96E435 /* .gitignore in Resources */,
			);
			runOnlyForDeploymentPostprocessing = 0;
		};
		5E0C1652B620FCE535124373 /* Resources */ = {
			isa = PBXResourcesBuildPhase;
			buildActionMask = 2147483647;
			files = (
			);
			runOnlyForDeploymentPostprocessing = 0;
		};
		5E0C1E4385280AA2F15E56BF /* Resources */ = {
			isa = PBXResourcesBuildPhase;
			buildActionMask = 2147483647;
			files = (
			);
			runOnlyForDeploymentPostprocessing = 0;
		};
/* End PBXResourcesBuildPhase section */

/* Begin PBXShellScriptBuildPhase section */
		0FD25008D976C9FC818A17DF /* [CP] Check Pods Manifest.lock */ = {
			isa = PBXShellScriptBuildPhase;
			buildActionMask = 2147483647;
			files = (
			);
			inputPaths = (
				"${PODS_PODFILE_DIR_PATH}/Podfile.lock",
				"${PODS_ROOT}/Manifest.lock",
			);
			name = "[CP] Check Pods Manifest.lock";
			outputPaths = (
				"$(DERIVED_FILE_DIR)/Pods-Memoize-checkManifestLockResult.txt",
			);
			runOnlyForDeploymentPostprocessing = 0;
			shellPath = /bin/sh;
			shellScript = "diff \"${PODS_PODFILE_DIR_PATH}/Podfile.lock\" \"${PODS_ROOT}/Manifest.lock\" > /dev/null\nif [ $? != 0 ] ; then\n    # print error to STDERR\n    echo \"error: The sandbox is not in sync with the Podfile.lock. Run 'pod install' or update your CocoaPods installation.\" >&2\n    exit 1\nfi\n# This output is used by Xcode 'outputs' to avoid re-running this script phase.\necho \"SUCCESS\" > \"${SCRIPT_OUTPUT_FILE_0}\"\n";
			showEnvVarsInLog = 0;
		};
		2E8C1E50E7DE68EB7FC1B26D /* [CP] Embed Pods Frameworks */ = {
			isa = PBXShellScriptBuildPhase;
			buildActionMask = 2147483647;
			files = (
			);
			inputPaths = (
				"${SRCROOT}/Pods/Target Support Files/Pods-Memoize/Pods-Memoize-frameworks.sh",
				"${BUILT_PRODUCTS_DIR}/BCryptSwift/BCryptSwift.framework",
				"${BUILT_PRODUCTS_DIR}/Eureka/Eureka.framework",
			);
			name = "[CP] Embed Pods Frameworks";
			outputPaths = (
				"${TARGET_BUILD_DIR}/${FRAMEWORKS_FOLDER_PATH}/BCryptSwift.framework",
				"${TARGET_BUILD_DIR}/${FRAMEWORKS_FOLDER_PATH}/Eureka.framework",
			);
			runOnlyForDeploymentPostprocessing = 0;
			shellPath = /bin/sh;
			shellScript = "\"${SRCROOT}/Pods/Target Support Files/Pods-Memoize/Pods-Memoize-frameworks.sh\"\n";
			showEnvVarsInLog = 0;
		};
		4C813A84514A4D81D837EF9A /* [CP] Check Pods Manifest.lock */ = {
			isa = PBXShellScriptBuildPhase;
			buildActionMask = 2147483647;
			files = (
			);
			inputPaths = (
				"${PODS_PODFILE_DIR_PATH}/Podfile.lock",
				"${PODS_ROOT}/Manifest.lock",
			);
			name = "[CP] Check Pods Manifest.lock";
			outputPaths = (
				"$(DERIVED_FILE_DIR)/Pods-MemoizeTests-checkManifestLockResult.txt",
			);
			runOnlyForDeploymentPostprocessing = 0;
			shellPath = /bin/sh;
			shellScript = "diff \"${PODS_PODFILE_DIR_PATH}/Podfile.lock\" \"${PODS_ROOT}/Manifest.lock\" > /dev/null\nif [ $? != 0 ] ; then\n    # print error to STDERR\n    echo \"error: The sandbox is not in sync with the Podfile.lock. Run 'pod install' or update your CocoaPods installation.\" >&2\n    exit 1\nfi\n# This output is used by Xcode 'outputs' to avoid re-running this script phase.\necho \"SUCCESS\" > \"${SCRIPT_OUTPUT_FILE_0}\"\n";
			showEnvVarsInLog = 0;
		};
		FAF35363516116C5045F2AE6 /* [CP] Check Pods Manifest.lock */ = {
			isa = PBXShellScriptBuildPhase;
			buildActionMask = 2147483647;
			files = (
			);
			inputPaths = (
				"${PODS_PODFILE_DIR_PATH}/Podfile.lock",
				"${PODS_ROOT}/Manifest.lock",
			);
			name = "[CP] Check Pods Manifest.lock";
			outputPaths = (
				"$(DERIVED_FILE_DIR)/Pods-MemoizeUITests-checkManifestLockResult.txt",
			);
			runOnlyForDeploymentPostprocessing = 0;
			shellPath = /bin/sh;
			shellScript = "diff \"${PODS_PODFILE_DIR_PATH}/Podfile.lock\" \"${PODS_ROOT}/Manifest.lock\" > /dev/null\nif [ $? != 0 ] ; then\n    # print error to STDERR\n    echo \"error: The sandbox is not in sync with the Podfile.lock. Run 'pod install' or update your CocoaPods installation.\" >&2\n    exit 1\nfi\n# This output is used by Xcode 'outputs' to avoid re-running this script phase.\necho \"SUCCESS\" > \"${SCRIPT_OUTPUT_FILE_0}\"\n";
			showEnvVarsInLog = 0;
		};
/* End PBXShellScriptBuildPhase section */

/* Begin PBXSourcesBuildPhase section */
		5E0C1333F92876E63A259649 /* Sources */ = {
			isa = PBXSourcesBuildPhase;
			buildActionMask = 2147483647;
			files = (
				5E0C16E377E399F679D30F5A /* MemoizeUITests.swift in Sources */,
			);
			runOnlyForDeploymentPostprocessing = 0;
		};
		5E0C15A584525183428C9B69 /* Sources */ = {
			isa = PBXSourcesBuildPhase;
			buildActionMask = 2147483647;
			files = (
				44BEAAB821D7027600C8D646 /* LoginRegisterTest.swift in Sources */,
				5E0C12647E40E7CDDD176E9B /* MemoizeTests.swift in Sources */,
			);
			runOnlyForDeploymentPostprocessing = 0;
		};
		5E0C17185C3A47AD48FA2E0C /* Sources */ = {
			isa = PBXSourcesBuildPhase;
			buildActionMask = 2147483647;
			files = (
				44B385F8223879FA0054C3DF /* LoginViewController.swift in Sources */,
				5E0C1DBADBC92C40D44AAD5A /* AppDelegate.swift in Sources */,
				4448DFD22225E9350068D83B /* Routes.swift in Sources */,
				44BEAABA2216583D00C8D646 /* User.swift in Sources */,
				5E0C1773F857D123BF2FF2F6 /* SignupView.swift in Sources */,
				5E9FBF2B3E5583A3161CCAB4 /* HomeViewController.swift in Sources */,
				5E9FB0F4A532DBDF4668D909 /* WelcomeViewController.swift in Sources */,
				5E9FBFEC32F7FEC92A613B9E /* KeychainService.swift in Sources */,
				5E9FBB6AD59121207B8EA2ED /* LoginController.swift in Sources */,
				5E9FBD43501B4D8904B3621D /* Passcode.swift in Sources */,
				5E9FBB51BCF7D986E40C04CE /* Key.swift in Sources */,
			);
			runOnlyForDeploymentPostprocessing = 0;
		};
/* End PBXSourcesBuildPhase section */

/* Begin PBXTargetDependency section */
		5E0C1D7DB7D2B88D1F882491 /* PBXTargetDependency */ = {
			isa = PBXTargetDependency;
			target = 5E0C1E69B9F55B71FB49AF43 /* Memoize */;
			targetProxy = 5E0C12ED30F71817822A341A /* PBXContainerItemProxy */;
		};
		5E0C1FB140E48136B186A2AB /* PBXTargetDependency */ = {
			isa = PBXTargetDependency;
			target = 5E0C1E69B9F55B71FB49AF43 /* Memoize */;
			targetProxy = 5E0C1C075B0A919571D00427 /* PBXContainerItemProxy */;
		};
/* End PBXTargetDependency section */

/* Begin PBXVariantGroup section */
		5E0C159E9AF946C5BC0448FC /* LaunchScreen.storyboard */ = {
			isa = PBXVariantGroup;
			children = (
				5E0C1CA326C84EB8756056AA /* Base */,
			);
			name = LaunchScreen.storyboard;
			sourceTree = "<group>";
		};
		5E0C198E308C4AC1FDDAD8EF /* Main.storyboard */ = {
			isa = PBXVariantGroup;
			children = (
				5E0C1701DDDD235603858FCF /* Base */,
			);
			name = Main.storyboard;
			sourceTree = "<group>";
		};
/* End PBXVariantGroup section */

/* Begin XCBuildConfiguration section */
		5E0C106642480105489C2F8A /* Release */ = {
			isa = XCBuildConfiguration;
			buildSettings = {
				ALWAYS_SEARCH_USER_PATHS = NO;
				CLANG_ANALYZER_NONNULL = YES;
				CLANG_ANALYZER_NUMBER_OBJECT_CONVERSION = YES_AGGRESSIVE;
				CLANG_CXX_LANGUAGE_STANDARD = "gnu++14";
				CLANG_CXX_LIBRARY = "libc++";
				CLANG_ENABLE_MODULES = YES;
				CLANG_ENABLE_OBJC_ARC = YES;
				CLANG_WARN_BLOCK_CAPTURE_AUTORELEASING = YES;
				CLANG_WARN_BOOL_CONVERSION = YES;
				CLANG_WARN_COMMA = YES;
				CLANG_WARN_CONSTANT_CONVERSION = YES;
				CLANG_WARN_DEPRECATED_OBJC_IMPLEMENTATIONS = YES;
				CLANG_WARN_DIRECT_OBJC_ISA_USAGE = YES_ERROR;
				CLANG_WARN_DOCUMENTATION_COMMENTS = YES;
				CLANG_WARN_EMPTY_BODY = YES;
				CLANG_WARN_ENUM_CONVERSION = YES;
				CLANG_WARN_INFINITE_RECURSION = YES;
				CLANG_WARN_INT_CONVERSION = YES;
				CLANG_WARN_NON_LITERAL_NULL_CONVERSION = YES;
				CLANG_WARN_OBJC_IMPLICIT_RETAIN_SELF = YES;
				CLANG_WARN_OBJC_LITERAL_CONVERSION = YES;
				CLANG_WARN_OBJC_ROOT_CLASS = YES_ERROR;
				CLANG_WARN_RANGE_LOOP_ANALYSIS = YES;
				CLANG_WARN_STRICT_PROTOTYPES = YES;
				CLANG_WARN_SUSPICIOUS_MOVE = YES;
				CLANG_WARN_UNGUARDED_AVAILABILITY = YES_AGGRESSIVE;
				CLANG_WARN_UNREACHABLE_CODE = YES;
				CLANG_WARN__DUPLICATE_METHOD_MATCH = YES;
				CODE_SIGN_IDENTITY = "iPhone Developer";
				COPY_PHASE_STRIP = NO;
				DEBUG_INFORMATION_FORMAT = "dwarf-with-dsym";
				ENABLE_NS_ASSERTIONS = NO;
				ENABLE_STRICT_OBJC_MSGSEND = YES;
				GCC_C_LANGUAGE_STANDARD = gnu11;
				GCC_NO_COMMON_BLOCKS = YES;
				GCC_WARN_64_TO_32_BIT_CONVERSION = YES;
				GCC_WARN_ABOUT_RETURN_TYPE = YES_ERROR;
				GCC_WARN_UNDECLARED_SELECTOR = YES;
				GCC_WARN_UNINITIALIZED_AUTOS = YES_AGGRESSIVE;
				GCC_WARN_UNUSED_FUNCTION = YES;
				GCC_WARN_UNUSED_VARIABLE = YES;
				IPHONEOS_DEPLOYMENT_TARGET = 12.0;
				MTL_ENABLE_DEBUG_INFO = NO;
				SDKROOT = iphoneos;
				SWIFT_OPTIMIZATION_LEVEL = "-Owholemodule";
				VALIDATE_PRODUCT = YES;
			};
			name = Release;
		};
		5E0C125A3CC633186F7B4FAB /* Debug */ = {
			isa = XCBuildConfiguration;
			baseConfigurationReference = A930F8CC8F78506FAB28E348 /* Pods-Memoize.debug.xcconfig */;
			buildSettings = {
				ASSETCATALOG_COMPILER_APPICON_NAME = AppIcon;
				CODE_SIGN_IDENTITY = "iPhone Developer";
				CODE_SIGN_STYLE = Automatic;
				DEVELOPMENT_TEAM = N3XUA4BNHL;
				INFOPLIST_FILE = Memoize/Info.plist;
				IPHONEOS_DEPLOYMENT_TARGET = 12.0;
				LD_RUNPATH_SEARCH_PATHS = "$(inherited) @executable_path/Frameworks";
				PRODUCT_BUNDLE_IDENTIFIER = com.grantcallant.Memoize;
				PRODUCT_NAME = "$(TARGET_NAME)";
				PROVISIONING_PROFILE_SPECIFIER = "";
				SWIFT_VERSION = 4.0;
				TARGETED_DEVICE_FAMILY = "1,2";
			};
			name = Debug;
		};
		5E0C1A3D3E99B9F3F6118F6B /* Debug */ = {
			isa = XCBuildConfiguration;
			buildSettings = {
				ALWAYS_SEARCH_USER_PATHS = NO;
				CLANG_ANALYZER_NONNULL = YES;
				CLANG_ANALYZER_NUMBER_OBJECT_CONVERSION = YES_AGGRESSIVE;
				CLANG_CXX_LANGUAGE_STANDARD = "gnu++14";
				CLANG_CXX_LIBRARY = "libc++";
				CLANG_ENABLE_MODULES = YES;
				CLANG_ENABLE_OBJC_ARC = YES;
				CLANG_WARN_BLOCK_CAPTURE_AUTORELEASING = YES;
				CLANG_WARN_BOOL_CONVERSION = YES;
				CLANG_WARN_COMMA = YES;
				CLANG_WARN_CONSTANT_CONVERSION = YES;
				CLANG_WARN_DEPRECATED_OBJC_IMPLEMENTATIONS = YES;
				CLANG_WARN_DIRECT_OBJC_ISA_USAGE = YES_ERROR;
				CLANG_WARN_DOCUMENTATION_COMMENTS = YES;
				CLANG_WARN_EMPTY_BODY = YES;
				CLANG_WARN_ENUM_CONVERSION = YES;
				CLANG_WARN_INFINITE_RECURSION = YES;
				CLANG_WARN_INT_CONVERSION = YES;
				CLANG_WARN_NON_LITERAL_NULL_CONVERSION = YES;
				CLANG_WARN_OBJC_IMPLICIT_RETAIN_SELF = YES;
				CLANG_WARN_OBJC_LITERAL_CONVERSION = YES;
				CLANG_WARN_OBJC_ROOT_CLASS = YES_ERROR;
				CLANG_WARN_RANGE_LOOP_ANALYSIS = YES;
				CLANG_WARN_STRICT_PROTOTYPES = YES;
				CLANG_WARN_SUSPICIOUS_MOVE = YES;
				CLANG_WARN_UNGUARDED_AVAILABILITY = YES_AGGRESSIVE;
				CLANG_WARN_UNREACHABLE_CODE = YES;
				CLANG_WARN__DUPLICATE_METHOD_MATCH = YES;
				CODE_SIGN_IDENTITY = "iPhone Developer";
				COPY_PHASE_STRIP = NO;
				DEBUG_INFORMATION_FORMAT = dwarf;
				ENABLE_STRICT_OBJC_MSGSEND = YES;
				ENABLE_TESTABILITY = YES;
				GCC_C_LANGUAGE_STANDARD = gnu11;
				GCC_DYNAMIC_NO_PIC = NO;
				GCC_NO_COMMON_BLOCKS = YES;
				GCC_OPTIMIZATION_LEVEL = 0;
				GCC_PREPROCESSOR_DEFINITIONS = (
					"DEBUG=1",
					"$(inherited)",
				);
				GCC_WARN_64_TO_32_BIT_CONVERSION = YES;
				GCC_WARN_ABOUT_RETURN_TYPE = YES_ERROR;
				GCC_WARN_UNDECLARED_SELECTOR = YES;
				GCC_WARN_UNINITIALIZED_AUTOS = YES_AGGRESSIVE;
				GCC_WARN_UNUSED_FUNCTION = YES;
				GCC_WARN_UNUSED_VARIABLE = YES;
				IPHONEOS_DEPLOYMENT_TARGET = 12.0;
				MTL_ENABLE_DEBUG_INFO = YES;
				ONLY_ACTIVE_ARCH = YES;
				SDKROOT = iphoneos;
				SWIFT_ACTIVE_COMPILATION_CONDITIONS = DEBUG;
				SWIFT_OPTIMIZATION_LEVEL = "-Onone";
			};
			name = Debug;
		};
		5E0C1A9D7A4F64AF5B9D3EA1 /* Debug */ = {
			isa = XCBuildConfiguration;
			baseConfigurationReference = 6BCABB9745A1388F977C60C5 /* Pods-MemoizeTests.debug.xcconfig */;
			buildSettings = {
				BUNDLE_LOADER = "$(BUILT_PRODUCTS_DIR)/Memoize.app/Memoize";
				DEVELOPMENT_TEAM = N3XUA4BNHL;
				INFOPLIST_FILE = MemoizeTests/Info.plist;
				LD_RUNPATH_SEARCH_PATHS = "$(inherited) @executable_path/Frameworks @loader_path/Frameworks";
				PRODUCT_BUNDLE_IDENTIFIER = com.grantcallant.MemoizeTests;
				PRODUCT_NAME = "$(TARGET_NAME)";
				SWIFT_VERSION = 4.0;
				TARGETED_DEVICE_FAMILY = "1,2";
				TEST_HOST = "$(BUNDLE_LOADER)";
			};
			name = Debug;
		};
		5E0C1CE85D1A0F709372D8B6 /* Release */ = {
			isa = XCBuildConfiguration;
			baseConfigurationReference = A6E2160C010CD1489B31B858 /* Pods-MemoizeTests.release.xcconfig */;
			buildSettings = {
				BUNDLE_LOADER = "$(BUILT_PRODUCTS_DIR)/Memoize.app/Memoize";
				DEVELOPMENT_TEAM = N3XUA4BNHL;
				INFOPLIST_FILE = MemoizeTests/Info.plist;
				LD_RUNPATH_SEARCH_PATHS = "$(inherited) @executable_path/Frameworks @loader_path/Frameworks";
				PRODUCT_BUNDLE_IDENTIFIER = com.grantcallant.MemoizeTests;
				PRODUCT_NAME = "$(TARGET_NAME)";
				SWIFT_VERSION = 4.0;
				TARGETED_DEVICE_FAMILY = "1,2";
				TEST_HOST = "$(BUNDLE_LOADER)";
			};
			name = Release;
		};
		5E0C1D0351303540B188C436 /* Release */ = {
			isa = XCBuildConfiguration;
			baseConfigurationReference = 92211F11E351D0D16B03FD40 /* Pods-MemoizeUITests.release.xcconfig */;
			buildSettings = {
				DEVELOPMENT_TEAM = N3XUA4BNHL;
				INFOPLIST_FILE = MemoizeUITests/Info.plist;
				LD_RUNPATH_SEARCH_PATHS = "$(inherited) @executable_path/Frameworks @loader_path/Frameworks";
				PRODUCT_BUNDLE_IDENTIFIER = com.grantcallant.MemoizeUITests;
				PRODUCT_NAME = "$(TARGET_NAME)";
				SWIFT_VERSION = 4.0;
				TARGETED_DEVICE_FAMILY = "1,2";
				TEST_TARGET_NAME = Memoize;
			};
			name = Release;
		};
		5E0C1DA08D4C72A64F0E85B4 /* Release */ = {
			isa = XCBuildConfiguration;
			baseConfigurationReference = F401741FEAC1C4ED46EB5D5C /* Pods-Memoize.release.xcconfig */;
			buildSettings = {
				ASSETCATALOG_COMPILER_APPICON_NAME = AppIcon;
				CODE_SIGN_IDENTITY = "iPhone Developer";
				CODE_SIGN_STYLE = Automatic;
				DEVELOPMENT_TEAM = N3XUA4BNHL;
				INFOPLIST_FILE = Memoize/Info.plist;
				IPHONEOS_DEPLOYMENT_TARGET = 12.0;
				LD_RUNPATH_SEARCH_PATHS = "$(inherited) @executable_path/Frameworks";
				PRODUCT_BUNDLE_IDENTIFIER = com.grantcallant.Memoize;
				PRODUCT_NAME = "$(TARGET_NAME)";
				PROVISIONING_PROFILE_SPECIFIER = "";
				SWIFT_VERSION = 4.0;
				TARGETED_DEVICE_FAMILY = "1,2";
			};
			name = Release;
		};
		5E0C1E8FA5A9F088CB09D316 /* Debug */ = {
			isa = XCBuildConfiguration;
			baseConfigurationReference = EB42FD192A2134F0728F6AF2 /* Pods-MemoizeUITests.debug.xcconfig */;
			buildSettings = {
				DEVELOPMENT_TEAM = N3XUA4BNHL;
				INFOPLIST_FILE = MemoizeUITests/Info.plist;
				LD_RUNPATH_SEARCH_PATHS = "$(inherited) @executable_path/Frameworks @loader_path/Frameworks";
				PRODUCT_BUNDLE_IDENTIFIER = com.grantcallant.MemoizeUITests;
				PRODUCT_NAME = "$(TARGET_NAME)";
				SWIFT_VERSION = 4.0;
				TARGETED_DEVICE_FAMILY = "1,2";
				TEST_TARGET_NAME = Memoize;
			};
			name = Debug;
		};
/* End XCBuildConfiguration section */

/* Begin XCConfigurationList section */
		5E0C12D58A3F242B9EC217AB /* Build configuration list for PBXNativeTarget "Memoize" */ = {
			isa = XCConfigurationList;
			buildConfigurations = (
				5E0C125A3CC633186F7B4FAB /* Debug */,
				5E0C1DA08D4C72A64F0E85B4 /* Release */,
			);
			defaultConfigurationIsVisible = 0;
			defaultConfigurationName = Debug;
		};
		5E0C13C8CE5BE321154F5E66 /* Build configuration list for PBXNativeTarget "MemoizeTests" */ = {
			isa = XCConfigurationList;
			buildConfigurations = (
				5E0C1A9D7A4F64AF5B9D3EA1 /* Debug */,
				5E0C1CE85D1A0F709372D8B6 /* Release */,
			);
			defaultConfigurationIsVisible = 0;
			defaultConfigurationName = Debug;
		};
		5E0C187CCCF68909B5CD9EEF /* Build configuration list for PBXNativeTarget "MemoizeUITests" */ = {
			isa = XCConfigurationList;
			buildConfigurations = (
				5E0C1E8FA5A9F088CB09D316 /* Debug */,
				5E0C1D0351303540B188C436 /* Release */,
			);
			defaultConfigurationIsVisible = 0;
			defaultConfigurationName = Debug;
		};
		5E0C1F2B1D652A686FFF8212 /* Build configuration list for PBXProject "Memoize" */ = {
			isa = XCConfigurationList;
			buildConfigurations = (
				5E0C1A3D3E99B9F3F6118F6B /* Debug */,
				5E0C106642480105489C2F8A /* Release */,
			);
			defaultConfigurationIsVisible = 0;
			defaultConfigurationName = Debug;
		};
/* End XCConfigurationList section */
	};
	rootObject = 5E0C18A968EB22E58A2AB9D4 /* Project object */;
}
